github.com/gorilla/mux v1.8.0 h1:i40aqfkR1h2SlN9hojwV5ZA91wcXFOvkdNIeFDP5koI=
github.com/gorilla/mux v1.8.0/go.mod h1:DVbg23sWSpFRCP0SfiEN6jmj59UnW/n46BH5rLB71So=
github.com/webview/webview v0.0.0-20220703160653-5376baea64f0 h1:lyxefgOBSa9l/T6d3eCZyUnOz/cs71rzY03mVTlw8BQ=
github.com/webview/webview v0.0.0-20220703160653-5376baea64f0/go.mod h1:rpXAuuHgyEJb6kXcXldlkOjU6y4x+YcASKKXJNUhh0Y=
